
Microsoft Visual Studio Solution File, Format Version 12.00
# Visual Studio 14
VisualStudioVersion = 14.0.25123.0
MinimumVisualStudioVersion = 10.0.40219.1
Project("{FAE04EC0-301F-11D3-BF4B-00C04F79EFBC}") = "NekoFuwaFuwaFune", "NekoFuwaFuwaFune\NekoFuwaFuwaFune.csproj", "{CDA16941-9C2E-4C87-99D5-B21145640D3C}"
EndProject
Global
	GlobalSection(SolutionConfigurationPlatforms) = preSolution
		Debug|Any CPU = Debug|Any CPU
		Release|Any CPU = Release|Any CPU
	EndGlobalSection
	GlobalSection(ProjectConfigurationPlatforms) = postSolution
		{CDA16941-9C2E-4C87-99D5-B21145640D3C}.Debug|Any CPU.ActiveCfg = Debug|Any CPU
		{CDA16941-9C2E-4C87-99D5-B21145640D3C}.Debug|Any CPU.Build.0 = Debug|Any CPU
		{CDA16941-9C2E-4C87-99D5-B21145640D3C}.Release|Any CPU.ActiveCfg = Release|Any CPU
		{CDA16941-9C2E-4C87-99D5-B21145640D3C}.Release|Any CPU.Build.0 = Release|Any CPU
	EndGlobalSection
	GlobalSection(SolutionProperties) = preSolution
		HideSolutionNode = FALSE
	EndGlobalSection
EndGlobal
